
Microsoft Visual Studio Solution File, Format Version 12.00
# Visual Studio Version 17
VisualStudioVersion = 17.7.34031.279
MinimumVisualStudioVersion = 10.0.40219.1
Project("{FAE04EC0-301F-11D3-BF4B-00C04F79EFBC}") = "retanguloOOP", "retanguloOOP\retanguloOOP.csproj", "{440CB65D-703F-46DE-9BB6-F20848E954C1}"
EndProject
Global
	GlobalSection(SolutionConfigurationPlatforms) = preSolution
		Debug|Any CPU = Debug|Any CPU
		Release|Any CPU = Release|Any CPU
	EndGlobalSection
	GlobalSection(ProjectConfigurationPlatforms) = postSolution
		{440CB65D-703F-46DE-9BB6-F20848E954C1}.Debug|Any CPU.ActiveCfg = Debug|Any CPU
		{440CB65D-703F-46DE-9BB6-F20848E954C1}.Debug|Any CPU.Build.0 = Debug|Any CPU
		{440CB65D-703F-46DE-9BB6-F20848E954C1}.Release|Any CPU.ActiveCfg = Release|Any CPU
		{440CB65D-703F-46DE-9BB6-F20848E954C1}.Release|Any CPU.Build.0 = Release|Any CPU
	EndGlobalSection
	GlobalSection(SolutionProperties) = preSolution
		HideSolutionNode = FALSE
	EndGlobalSection
	GlobalSection(ExtensibilityGlobals) = postSolution
		SolutionGuid = {40FA030D-BBA3-4A1A-B65F-77D92DB2B0D1}
	EndGlobalSection
EndGlobal
